{
  "name": "@harmoniclabs/ouroboros-miniprotocols-ts",
  "version": "0.0.1-dev0",
  "lockfileVersion": 3,
  "requires": true,
  "packages": {
    "": {
      "name": "@harmoniclabs/ouroboros-miniprotocols-ts",
      "version": "0.0.1-dev0",
      "license": "Apache-2.0",
      "dependencies": {
        "@harmoniclabs/cbor": "^1.1.2",
        "@harmoniclabs/obj-utils": "^1.0.0",
        "@harmoniclabs/uint8array-utils": "^1.0.0",
        "@types/node": "^20.1.7"
      },
      "devDependencies": {},
      "funding": {
        "url": "https://github.com/sponsors/HarmonicLabs"
      }
    },
    "node_modules/@harmoniclabs/bytestring": {
      "version": "1.0.0",
      "resolved": "https://registry.npmjs.org/@harmoniclabs/bytestring/-/bytestring-1.0.0.tgz",
      "integrity": "sha512-d5m10O0okKc6QNX0pSRriFTkk/kNMnMBGbo5X3kEZwKaXTI4tDVoTZBL7bwbYHwOEdSxWJjVtlO9xtB7ZrYZNg==",
      "dependencies": {
        "@harmoniclabs/uint8array-utils": "^1.0.0"
      }
    },
    "node_modules/@harmoniclabs/cbor": {
      "version": "1.1.2",
      "resolved": "https://registry.npmjs.org/@harmoniclabs/cbor/-/cbor-1.1.2.tgz",
      "integrity": "sha512-k4haDpGsGoWujG+2sFjMFnhtyJ8YQof7KUQhyWeenm80RjZNOG0WIwVdbG8M1mhcUmbQfyfgYidalgqqpstZKQ==",
      "dependencies": {
        "@harmoniclabs/bytestring": "^1.0.0",
        "@harmoniclabs/obj-utils": "^1.0.0",
        "@harmoniclabs/uint8array-utils": "^1.0.0"
      },
      "funding": {
        "url": "https://github.com/sponsors/HarmonicLabs"
      }
    },
    "node_modules/@harmoniclabs/obj-utils": {
      "version": "1.0.0",
      "resolved": "https://registry.npmjs.org/@harmoniclabs/obj-utils/-/obj-utils-1.0.0.tgz",
      "integrity": "sha512-EO1bQBZAORrutcP+leP5YNDwNd/9TOE23VEvs3ktniXg6w0knUrLjUIl2Pkcbs/D1VQxqmsNpXho+vaMj00qxA=="
    },
    "node_modules/@harmoniclabs/uint8array-utils": {
      "version": "1.0.0",
      "resolved": "https://registry.npmjs.org/@harmoniclabs/uint8array-utils/-/uint8array-utils-1.0.0.tgz",
      "integrity": "sha512-KNlgXCRGjmD3O+LYa3yTe3yKg8WY6C/bLs4Ywbjp7C9ORVxfppZDBd02LeK6jcIf800zadvJp+Bxk9qO+IcAQg=="
    },
    "node_modules/@types/node": {
      "version": "20.1.7",
      "resolved": "https://registry.npmjs.org/@types/node/-/node-20.1.7.tgz",
      "integrity": "sha512-WCuw/o4GSwDGMoonES8rcvwsig77dGCMbZDrZr2x4ZZiNW4P/gcoZXe/0twgtobcTkmg9TuKflxYL/DuwDyJzg=="
    }
  }
}
